
Microsoft Visual Studio Solution File, Format Version 12.00
# Visual Studio Version 16
VisualStudioVersion = 16.0.31515.178
MinimumVisualStudioVersion = 10.0.40219.1
Project("{00D1A9C2-B5F0-4AF3-8072-F6C62B433612}") = "MonarchDB", "MonarchDB\MonarchDB.sqlproj", "{8D9267D3-E89E-4A09-8C62-17A76972ECCD}"
EndProject
Project("{9A19103F-16F7-4668-BE54-9A1E7A4F7556}") = "MonarchDAL", "MonarchDAL\MonarchDAL.csproj", "{9349E3CA-E8EA-48E8-897A-36A09D39C02F}"
EndProject
Project("{9A19103F-16F7-4668-BE54-9A1E7A4F7556}") = "MonarchBLL", "MonarchBLL\MonarchBLL.csproj", "{9B03940E-622C-476D-A653-9CF5F5B5497D}"
EndProject
Project("{9A19103F-16F7-4668-BE54-9A1E7A4F7556}") = "MonarchTest", "MonarchTest\MonarchTest.csproj", "{69BC0840-D1B6-4E6A-86FC-125F9B8D1CD5}"
EndProject
Global
	GlobalSection(SolutionConfigurationPlatforms) = preSolution
		Debug|Any CPU = Debug|Any CPU
		Release|Any CPU = Release|Any CPU
	EndGlobalSection
	GlobalSection(ProjectConfigurationPlatforms) = postSolution
		{8D9267D3-E89E-4A09-8C62-17A76972ECCD}.Debug|Any CPU.ActiveCfg = Debug|Any CPU
		{8D9267D3-E89E-4A09-8C62-17A76972ECCD}.Debug|Any CPU.Build.0 = Debug|Any CPU
		{8D9267D3-E89E-4A09-8C62-17A76972ECCD}.Debug|Any CPU.Deploy.0 = Debug|Any CPU
		{8D9267D3-E89E-4A09-8C62-17A76972ECCD}.Release|Any CPU.ActiveCfg = Release|Any CPU
		{8D9267D3-E89E-4A09-8C62-17A76972ECCD}.Release|Any CPU.Build.0 = Release|Any CPU
		{8D9267D3-E89E-4A09-8C62-17A76972ECCD}.Release|Any CPU.Deploy.0 = Release|Any CPU
		{9349E3CA-E8EA-48E8-897A-36A09D39C02F}.Debug|Any CPU.ActiveCfg = Debug|Any CPU
		{9349E3CA-E8EA-48E8-897A-36A09D39C02F}.Debug|Any CPU.Build.0 = Debug|Any CPU
		{9349E3CA-E8EA-48E8-897A-36A09D39C02F}.Release|Any CPU.ActiveCfg = Release|Any CPU
		{9349E3CA-E8EA-48E8-897A-36A09D39C02F}.Release|Any CPU.Build.0 = Release|Any CPU
		{9B03940E-622C-476D-A653-9CF5F5B5497D}.Debug|Any CPU.ActiveCfg = Debug|Any CPU
		{9B03940E-622C-476D-A653-9CF5F5B5497D}.Debug|Any CPU.Build.0 = Debug|Any CPU
		{9B03940E-622C-476D-A653-9CF5F5B5497D}.Release|Any CPU.ActiveCfg = Release|Any CPU
		{9B03940E-622C-476D-A653-9CF5F5B5497D}.Release|Any CPU.Build.0 = Release|Any CPU
		{69BC0840-D1B6-4E6A-86FC-125F9B8D1CD5}.Debug|Any CPU.ActiveCfg = Debug|Any CPU
		{69BC0840-D1B6-4E6A-86FC-125F9B8D1CD5}.Debug|Any CPU.Build.0 = Debug|Any CPU
		{69BC0840-D1B6-4E6A-86FC-125F9B8D1CD5}.Release|Any CPU.ActiveCfg = Release|Any CPU
		{69BC0840-D1B6-4E6A-86FC-125F9B8D1CD5}.Release|Any CPU.Build.0 = Release|Any CPU
	EndGlobalSection
	GlobalSection(SolutionProperties) = preSolution
		HideSolutionNode = FALSE
	EndGlobalSection
	GlobalSection(ExtensibilityGlobals) = postSolution
		SolutionGuid = {E462BDA6-7C54-4278-8103-2D4F4EAB44D0}
	EndGlobalSection
EndGlobal
